# Generated by buf. DO NOT EDIT.
version: v1
deps:
  - remote: buf.build
    owner: bufbuild
    repository: protovalidate
    commit: 8976f5be98c146529b1cc15cd2012b60
    digest: shake256:91ecc82cdf4a6c8b0def8eecf6b622a60b569a3a8d2891a7bc8cdf78116aed69c3f73c01a3deb0ca8862301bb797e890ab821cbc44d7f7283668923aebb9b47e
