# Generated by buf. DO NOT EDIT.
version: v1
deps:
  - remote: buf.build
    owner: bufbuild
    repository: protovalidate
    commit: 1c33ebd9ecfa4653b8c1e662f84d1acf
    digest: shake256:4e3d93b2859a799ed4c08f530c62da1647cb85adacb3ff085dff6959a8d0a73989f3b8527145ee8b0783cd4e5264eaf0c0a76c206404f9520fce608b525559cb
